
Microsoft Visual Studio Solution File, Format Version 12.00
# Visual Studio Version 17
VisualStudioVersion = 17.4.33205.214
MinimumVisualStudioVersion = 10.0.40219.1
Project("{9A19103F-16F7-4668-BE54-9A1E7A4F7556}") = "Corporate.Systems.Applications.Application1", "Corporate.Systems.Applications.Application1\Corporate.Systems.Applications.Application1.csproj", "{CDC51B3C-E1DB-4417-9541-B155A2E7E18A}"
EndProject
Project("{9A19103F-16F7-4668-BE54-9A1E7A4F7556}") = "Corporate.Systems.Applications.Master", "Corporate.Systems.Applications.Application2\Corporate.Systems.Applications.Master.csproj", "{891F5D07-8034-4D57-A88D-D90FEC10847E}"
EndProject
Project("{9A19103F-16F7-4668-BE54-9A1E7A4F7556}") = "Corporate.Systems.Applications.Application3", "Corporate.Systems.Applications.Application3\Corporate.Systems.Applications.Application3.csproj", "{76403969-4A42-472F-B22A-49F57858037D}"
EndProject
Project("{9A19103F-16F7-4668-BE54-9A1E7A4F7556}") = "Corporate.Systems.Applications.Common", "Corporate.Systems.Applications.Common\Corporate.Systems.Applications.Common.csproj", "{0C6BFB15-308F-4F39-BFBD-ABB79176432B}"
EndProject
Project("{2150E333-8FDC-42A3-9474-1A3956D46DE8}") = "Scripts", "Scripts", "{20A10161-E739-4050-912D-322FC4E7C098}"
	ProjectSection(SolutionItems) = preProject
		Install.ps1 = Install.ps1
		Uninstall.ps1 = Uninstall.ps1
	EndProjectSection
EndProject
Project("{9A19103F-16F7-4668-BE54-9A1E7A4F7556}") = "Corporate.Systems.Applications.Application4", "Corporate.Systems.Applications.Application4\Corporate.Systems.Applications.Application4.csproj", "{065D943C-D394-409E-B353-DEC742063263}"
EndProject
Project("{9A19103F-16F7-4668-BE54-9A1E7A4F7556}") = "Corporate.Systems.Applications.Application5", "Corporate.Systems.Applications.Application5\Corporate.Systems.Applications.Application5.csproj", "{569B765E-7296-47E3-BE6A-7F3F48A4CFCD}"
EndProject
Global
	GlobalSection(SolutionConfigurationPlatforms) = preSolution
		Debug|Any CPU = Debug|Any CPU
		Release|Any CPU = Release|Any CPU
	EndGlobalSection
	GlobalSection(ProjectConfigurationPlatforms) = postSolution
		{CDC51B3C-E1DB-4417-9541-B155A2E7E18A}.Debug|Any CPU.ActiveCfg = Debug|Any CPU
		{CDC51B3C-E1DB-4417-9541-B155A2E7E18A}.Debug|Any CPU.Build.0 = Debug|Any CPU
		{CDC51B3C-E1DB-4417-9541-B155A2E7E18A}.Release|Any CPU.ActiveCfg = Release|Any CPU
		{CDC51B3C-E1DB-4417-9541-B155A2E7E18A}.Release|Any CPU.Build.0 = Release|Any CPU
		{891F5D07-8034-4D57-A88D-D90FEC10847E}.Debug|Any CPU.ActiveCfg = Debug|Any CPU
		{891F5D07-8034-4D57-A88D-D90FEC10847E}.Debug|Any CPU.Build.0 = Debug|Any CPU
		{891F5D07-8034-4D57-A88D-D90FEC10847E}.Release|Any CPU.ActiveCfg = Release|Any CPU
		{891F5D07-8034-4D57-A88D-D90FEC10847E}.Release|Any CPU.Build.0 = Release|Any CPU
		{76403969-4A42-472F-B22A-49F57858037D}.Debug|Any CPU.ActiveCfg = Debug|Any CPU
		{76403969-4A42-472F-B22A-49F57858037D}.Debug|Any CPU.Build.0 = Debug|Any CPU
		{76403969-4A42-472F-B22A-49F57858037D}.Release|Any CPU.ActiveCfg = Release|Any CPU
		{76403969-4A42-472F-B22A-49F57858037D}.Release|Any CPU.Build.0 = Release|Any CPU
		{0C6BFB15-308F-4F39-BFBD-ABB79176432B}.Debug|Any CPU.ActiveCfg = Debug|Any CPU
		{0C6BFB15-308F-4F39-BFBD-ABB79176432B}.Debug|Any CPU.Build.0 = Debug|Any CPU
		{0C6BFB15-308F-4F39-BFBD-ABB79176432B}.Release|Any CPU.ActiveCfg = Release|Any CPU
		{0C6BFB15-308F-4F39-BFBD-ABB79176432B}.Release|Any CPU.Build.0 = Release|Any CPU
		{065D943C-D394-409E-B353-DEC742063263}.Debug|Any CPU.ActiveCfg = Debug|Any CPU
		{065D943C-D394-409E-B353-DEC742063263}.Debug|Any CPU.Build.0 = Debug|Any CPU
		{065D943C-D394-409E-B353-DEC742063263}.Release|Any CPU.ActiveCfg = Release|Any CPU
		{065D943C-D394-409E-B353-DEC742063263}.Release|Any CPU.Build.0 = Release|Any CPU
		{569B765E-7296-47E3-BE6A-7F3F48A4CFCD}.Debug|Any CPU.ActiveCfg = Debug|Any CPU
		{569B765E-7296-47E3-BE6A-7F3F48A4CFCD}.Debug|Any CPU.Build.0 = Debug|Any CPU
		{569B765E-7296-47E3-BE6A-7F3F48A4CFCD}.Release|Any CPU.ActiveCfg = Release|Any CPU
		{569B765E-7296-47E3-BE6A-7F3F48A4CFCD}.Release|Any CPU.Build.0 = Release|Any CPU
	EndGlobalSection
	GlobalSection(SolutionProperties) = preSolution
		HideSolutionNode = FALSE
	EndGlobalSection
	GlobalSection(ExtensibilityGlobals) = postSolution
		SolutionGuid = {8E6B7758-0EF3-4679-9123-65BB6E0972EC}
	EndGlobalSection
EndGlobal
